
Microsoft Visual Studio Solution File, Format Version 12.00
# Visual Studio Version 16
VisualStudioVersion = 16.0.34729.46
MinimumVisualStudioVersion = 10.0.40219.1
Project("{FAE04EC0-301F-11D3-BF4B-00C04F79EFBC}") = "QUANLINHAHANG", "QUANLINHAHANG\QUANLINHAHANG.csproj", "{9B0C08DE-8CF9-4C16-BCCB-B5207245F31B}"
EndProject
Global
	GlobalSection(SolutionConfigurationPlatforms) = preSolution
		Debug|Any CPU = Debug|Any CPU
		Release|Any CPU = Release|Any CPU
	EndGlobalSection
	GlobalSection(ProjectConfigurationPlatforms) = postSolution
		{9B0C08DE-8CF9-4C16-BCCB-B5207245F31B}.Debug|Any CPU.ActiveCfg = Debug|Any CPU
		{9B0C08DE-8CF9-4C16-BCCB-B5207245F31B}.Debug|Any CPU.Build.0 = Debug|Any CPU
		{9B0C08DE-8CF9-4C16-BCCB-B5207245F31B}.Release|Any CPU.ActiveCfg = Release|Any CPU
		{9B0C08DE-8CF9-4C16-BCCB-B5207245F31B}.Release|Any CPU.Build.0 = Release|Any CPU
	EndGlobalSection
	GlobalSection(SolutionProperties) = preSolution
		HideSolutionNode = FALSE
	EndGlobalSection
	GlobalSection(ExtensibilityGlobals) = postSolution
		SolutionGuid = {7FB18397-0CFF-4A8C-982F-1E71E3340D19}
	EndGlobalSection
EndGlobal
